Microsoft Visual Studio Solution File, Format Version 11.00
# Visual Studio 2008

Project("{B2815AA4-BBF3-69BB-6280-7A637BCC1BC0}") = "003 Text101", "Assembly-CSharp.csproj", "{47A2A9FF-8C33-18DE-0E4B-3441339853D2}"
EndProject
Global
	GlobalSection(SolutionConfigurationPlatforms) = preSolution
		Debug|Any CPU = Debug|Any CPU
		Release|Any CPU = Release|Any CPU
	EndGlobalSection
	GlobalSection(ProjectConfigurationPlatforms) = postSolution
		{47A2A9FF-8C33-18DE-0E4B-3441339853D2}.Debug|Any CPU.ActiveCfg = Debug|Any CPU
		{47A2A9FF-8C33-18DE-0E4B-3441339853D2}.Debug|Any CPU.Build.0 = Debug|Any CPU
		{47A2A9FF-8C33-18DE-0E4B-3441339853D2}.Release|Any CPU.ActiveCfg = Release|Any CPU
		{47A2A9FF-8C33-18DE-0E4B-3441339853D2}.Release|Any CPU.Build.0 = Release|Any CPU
	EndGlobalSection
	GlobalSection(SolutionProperties) = preSolution
		HideSolutionNode = FALSE
	EndGlobalSection
				GlobalSection(MonoDevelopProperties) = preSolution
		StartupItem = Assembly-CSharp.csproj
		Policies = $0
		$0.TextStylePolicy = $1
		$1.inheritsSet = null
		$1.scope = text/x-csharp
		$0.CSharpFormattingPolicy = $2
		$2.inheritsSet = Mono
		$2.inheritsScope = text/x-csharp
		$2.scope = text/x-csharp
		$0.TextStylePolicy = $3
		$3.FileWidth = 120
		$3.TabWidth = 4
		$3.IndentWidth = 4
		$3.EolMarker = Unix
		$3.inheritsSet = Mono
		$3.inheritsScope = text/plain
		$3.scope = text/plain
	EndGlobalSection

EndGlobal
